
Microsoft Visual Studio Solution File, Format Version 12.00
# Visual Studio Version 16
VisualStudioVersion = 16.0.29709.97
MinimumVisualStudioVersion = 10.0.40219.1
Project("{FAE04EC0-301F-11D3-BF4B-00C04F79EFBC}") = "cal", "cal\cal.csproj", "{827B9C33-3525-4DD9-BD9C-B04DBA1A6D47}"
EndProject
Global
	GlobalSection(SolutionConfigurationPlatforms) = preSolution
		Debug|Any CPU = Debug|Any CPU
		Release|Any CPU = Release|Any CPU
	EndGlobalSection
	GlobalSection(ProjectConfigurationPlatforms) = postSolution
		{827B9C33-3525-4DD9-BD9C-B04DBA1A6D47}.Debug|Any CPU.ActiveCfg = Debug|Any CPU
		{827B9C33-3525-4DD9-BD9C-B04DBA1A6D47}.Debug|Any CPU.Build.0 = Debug|Any CPU
		{827B9C33-3525-4DD9-BD9C-B04DBA1A6D47}.Release|Any CPU.ActiveCfg = Release|Any CPU
		{827B9C33-3525-4DD9-BD9C-B04DBA1A6D47}.Release|Any CPU.Build.0 = Release|Any CPU
	EndGlobalSection
	GlobalSection(SolutionProperties) = preSolution
		HideSolutionNode = FALSE
	EndGlobalSection
	GlobalSection(ExtensibilityGlobals) = postSolution
		SolutionGuid = {EACCAB67-01E4-4E07-9F12-716A992EAF57}
	EndGlobalSection
EndGlobal
