
Microsoft Visual Studio Solution File, Format Version 12.00
# Visual Studio Version 16
VisualStudioVersion = 16.0.29709.97
MinimumVisualStudioVersion = 10.0.40219.1
Project("{FAE04EC0-301F-11D3-BF4B-00C04F79EFBC}") = "LINQ", "LINQ\LINQ.csproj", "{74EBB174-2DFE-40B7-AA51-098E20D570BE}"
EndProject
Global
	GlobalSection(SolutionConfigurationPlatforms) = preSolution
		Debug|Any CPU = Debug|Any CPU
		Release|Any CPU = Release|Any CPU
	EndGlobalSection
	GlobalSection(ProjectConfigurationPlatforms) = postSolution
		{74EBB174-2DFE-40B7-AA51-098E20D570BE}.Debug|Any CPU.ActiveCfg = Debug|Any CPU
		{74EBB174-2DFE-40B7-AA51-098E20D570BE}.Debug|Any CPU.Build.0 = Debug|Any CPU
		{74EBB174-2DFE-40B7-AA51-098E20D570BE}.Release|Any CPU.ActiveCfg = Release|Any CPU
		{74EBB174-2DFE-40B7-AA51-098E20D570BE}.Release|Any CPU.Build.0 = Release|Any CPU
	EndGlobalSection
	GlobalSection(SolutionProperties) = preSolution
		HideSolutionNode = FALSE
	EndGlobalSection
	GlobalSection(ExtensibilityGlobals) = postSolution
		SolutionGuid = {6EB8813E-BF34-4C8C-922E-1EAD2D2F8D15}
	EndGlobalSection
EndGlobal
