
Microsoft Visual Studio Solution File, Format Version 12.00
# Visual Studio Version 16
VisualStudioVersion = 16.0.29709.97
MinimumVisualStudioVersion = 10.0.40219.1
Project("{FAE04EC0-301F-11D3-BF4B-00C04F79EFBC}") = "assignmenttest", "assignmenttest\assignmenttest.csproj", "{A91CFB99-4BD0-49FC-AB8D-C05F6A62C898}"
EndProject
Global
	GlobalSection(SolutionConfigurationPlatforms) = preSolution
		Debug|Any CPU = Debug|Any CPU
		Release|Any CPU = Release|Any CPU
	EndGlobalSection
	GlobalSection(ProjectConfigurationPlatforms) = postSolution
		{A91CFB99-4BD0-49FC-AB8D-C05F6A62C898}.Debug|Any CPU.ActiveCfg = Debug|Any CPU
		{A91CFB99-4BD0-49FC-AB8D-C05F6A62C898}.Debug|Any CPU.Build.0 = Debug|Any CPU
		{A91CFB99-4BD0-49FC-AB8D-C05F6A62C898}.Release|Any CPU.ActiveCfg = Release|Any CPU
		{A91CFB99-4BD0-49FC-AB8D-C05F6A62C898}.Release|Any CPU.Build.0 = Release|Any CPU
	EndGlobalSection
	GlobalSection(SolutionProperties) = preSolution
		HideSolutionNode = FALSE
	EndGlobalSection
	GlobalSection(ExtensibilityGlobals) = postSolution
		SolutionGuid = {79B23DD0-1ECF-4B83-8FB2-4E3F38F36E03}
	EndGlobalSection
EndGlobal
